
Microsoft Visual Studio Solution File, Format Version 12.00
# Visual Studio Version 17
VisualStudioVersion = 17.2.32616.157
MinimumVisualStudioVersion = 10.0.40219.1
Project("{FAE04EC0-301F-11D3-BF4B-00C04F79EFBC}") = "HomeAPI", "HomeAPI.csproj", "{6DA4CF96-C0F6-476A-A0EB-EF4C72372CB6}"
EndProject
Global
	GlobalSection(SolutionConfigurationPlatforms) = preSolution
		Debug|Any CPU = Debug|Any CPU
		Release|Any CPU = Release|Any CPU
	EndGlobalSection
	GlobalSection(ProjectConfigurationPlatforms) = postSolution
		{6DA4CF96-C0F6-476A-A0EB-EF4C72372CB6}.Debug|Any CPU.ActiveCfg = Debug|Any CPU
		{6DA4CF96-C0F6-476A-A0EB-EF4C72372CB6}.Debug|Any CPU.Build.0 = Debug|Any CPU
		{6DA4CF96-C0F6-476A-A0EB-EF4C72372CB6}.Release|Any CPU.ActiveCfg = Release|Any CPU
		{6DA4CF96-C0F6-476A-A0EB-EF4C72372CB6}.Release|Any CPU.Build.0 = Release|Any CPU
	EndGlobalSection
	GlobalSection(SolutionProperties) = preSolution
		HideSolutionNode = FALSE
	EndGlobalSection
	GlobalSection(ExtensibilityGlobals) = postSolution
		SolutionGuid = {21C8A3C6-F959-40FE-A5EC-BC911F4A3F22}
	EndGlobalSection
EndGlobal
